
Microsoft Visual Studio Solution File, Format Version 12.00
# Visual Studio Version 17
VisualStudioVersion = 17.14.37027.9
MinimumVisualStudioVersion = 10.0.40219.1
Project("{FAE04EC0-301F-11D3-BF4B-00C04F79EFBC}") = "Procont.Utils", "Procont.Utils\Procont.Utils.csproj", "{E24E9A63-24C0-44A0-967D-6D062A532118}"
EndProject
Project("{FAE04EC0-301F-11D3-BF4B-00C04F79EFBC}") = "Procont.Presentation", "Procont.Presentation\Procont.Presentation.csproj", "{B377B855-DC66-4DBC-9631-BC678E178674}"
EndProject
Project("{FAE04EC0-301F-11D3-BF4B-00C04F79EFBC}") = "Procont.DevSandbox", "Procont.DevSandbox\Procont.DevSandbox.csproj", "{A9F10131-1475-46FB-9202-560B162419C6}"
EndProject
Global
	GlobalSection(SolutionConfigurationPlatforms) = preSolution
		Debug|Any CPU = Debug|Any CPU
		Release|Any CPU = Release|Any CPU
	EndGlobalSection
	GlobalSection(ProjectConfigurationPlatforms) = postSolution
		{E24E9A63-24C0-44A0-967D-6D062A532118}.Debug|Any CPU.ActiveCfg = Debug|Any CPU
		{E24E9A63-24C0-44A0-967D-6D062A532118}.Debug|Any CPU.Build.0 = Debug|Any CPU
		{E24E9A63-24C0-44A0-967D-6D062A532118}.Release|Any CPU.ActiveCfg = Release|Any CPU
		{E24E9A63-24C0-44A0-967D-6D062A532118}.Release|Any CPU.Build.0 = Release|Any CPU
		{B377B855-DC66-4DBC-9631-BC678E178674}.Debug|Any CPU.ActiveCfg = Debug|Any CPU
		{B377B855-DC66-4DBC-9631-BC678E178674}.Debug|Any CPU.Build.0 = Debug|Any CPU
		{B377B855-DC66-4DBC-9631-BC678E178674}.Release|Any CPU.ActiveCfg = Release|Any CPU
		{B377B855-DC66-4DBC-9631-BC678E178674}.Release|Any CPU.Build.0 = Release|Any CPU
		{A9F10131-1475-46FB-9202-560B162419C6}.Debug|Any CPU.ActiveCfg = Debug|Any CPU
		{A9F10131-1475-46FB-9202-560B162419C6}.Debug|Any CPU.Build.0 = Debug|Any CPU
		{A9F10131-1475-46FB-9202-560B162419C6}.Release|Any CPU.ActiveCfg = Release|Any CPU
		{A9F10131-1475-46FB-9202-560B162419C6}.Release|Any CPU.Build.0 = Release|Any CPU
	EndGlobalSection
	GlobalSection(SolutionProperties) = preSolution
		HideSolutionNode = FALSE
	EndGlobalSection
	GlobalSection(ExtensibilityGlobals) = postSolution
		SolutionGuid = {7D94988F-6863-4518-875F-6A2FF1AA8E35}
	EndGlobalSection
EndGlobal
